
Microsoft Visual Studio Solution File, Format Version 12.00
# Visual Studio 14
VisualStudioVersion = 14.0.25420.1
MinimumVisualStudioVersion = 10.0.40219.1
Project("{FAE04EC0-301F-11D3-BF4B-00C04F79EFBC}") = "01.Recursive-Array-Sum", "01.Recursive-Array-Sum\01.Recursive-Array-Sum.csproj", "{4C4D9D04-91D4-4FAF-86B4-24D27849FC46}"
EndProject
Project("{FAE04EC0-301F-11D3-BF4B-00C04F79EFBC}") = "02.GenerateAllVariationsOfBitNumber", "02.GenerateAllVariationsOfBitNumber\02.GenerateAllVariationsOfBitNumber.csproj", "{A1C64F18-F6BA-4130-9907-BFC087955FC4}"
EndProject
Project("{FAE04EC0-301F-11D3-BF4B-00C04F79EFBC}") = "03.GenerateAllUniqueCombinationsBetweenRange", "03.GenerateAllUniqueCombinationsBetweenRange\03.GenerateAllUniqueCombinationsBetweenRange.csproj", "{A6818491-C6B1-4E5A-B577-20CDAC48BC37}"
EndProject
Global
	GlobalSection(SolutionConfigurationPlatforms) = preSolution
		Debug|Any CPU = Debug|Any CPU
		Release|Any CPU = Release|Any CPU
	EndGlobalSection
	GlobalSection(ProjectConfigurationPlatforms) = postSolution
		{4C4D9D04-91D4-4FAF-86B4-24D27849FC46}.Debug|Any CPU.ActiveCfg = Debug|Any CPU
		{4C4D9D04-91D4-4FAF-86B4-24D27849FC46}.Debug|Any CPU.Build.0 = Debug|Any CPU
		{4C4D9D04-91D4-4FAF-86B4-24D27849FC46}.Release|Any CPU.ActiveCfg = Release|Any CPU
		{4C4D9D04-91D4-4FAF-86B4-24D27849FC46}.Release|Any CPU.Build.0 = Release|Any CPU
		{A1C64F18-F6BA-4130-9907-BFC087955FC4}.Debug|Any CPU.ActiveCfg = Debug|Any CPU
		{A1C64F18-F6BA-4130-9907-BFC087955FC4}.Debug|Any CPU.Build.0 = Debug|Any CPU
		{A1C64F18-F6BA-4130-9907-BFC087955FC4}.Release|Any CPU.ActiveCfg = Release|Any CPU
		{A1C64F18-F6BA-4130-9907-BFC087955FC4}.Release|Any CPU.Build.0 = Release|Any CPU
		{A6818491-C6B1-4E5A-B577-20CDAC48BC37}.Debug|Any CPU.ActiveCfg = Debug|Any CPU
		{A6818491-C6B1-4E5A-B577-20CDAC48BC37}.Debug|Any CPU.Build.0 = Debug|Any CPU
		{A6818491-C6B1-4E5A-B577-20CDAC48BC37}.Release|Any CPU.ActiveCfg = Release|Any CPU
		{A6818491-C6B1-4E5A-B577-20CDAC48BC37}.Release|Any CPU.Build.0 = Release|Any CPU
	EndGlobalSection
	GlobalSection(SolutionProperties) = preSolution
		HideSolutionNode = FALSE
	EndGlobalSection
EndGlobal
